version: 1
language: en
release_rows: 100000
minimum_source_count: 50
minimum_expected_release_count: 5
resolved_at: '2026-09-15T16:31:18.963914+00:00'
sources:
- table_id: FOLK1A
  role: demographic_base
  period: 2025K1
  metadata_url: https://api.statbank.dk/v1/tableinfo/FOLK1A?lang=en
  data_url: https://api.statbank.dk/v1/data
  retrieved_metadata_at: '2026-09-15T16:31:18.963914+00:00'
  table_updated_at: '2026-08-10T08:00:00'
  unit: Number
  dimensions:
    "OMR\xC5DE":
    - '101'
    - '147'
    - '155'
    - '185'
    - '165'
    - '151'
    - '153'
    - '157'
    - '159'
    - '161'
    - '163'
    - '167'
    - '169'
    - '183'
    - '173'
    - '175'
    - '187'
    - '201'
    - '240'
    - '210'
    - '250'
    - '190'
    - '270'
    - '260'
    - '217'
    - '219'
    - '223'
    - '230'
    - '400'
    - '411'
    - '253'
    - '259'
    - '350'
    - '265'
    - '269'
    - '320'
    - '376'
    - '316'
    - '326'
    - '360'
    - '370'
    - '306'
    - '329'
    - '330'
    - '340'
    - '336'
    - '390'
    - '420'
    - '430'
    - '440'
    - '482'
    - '410'
    - '480'
    - '450'
    - '461'
    - '479'
    - '492'
    - '530'
    - '561'
    - '563'
    - '607'
    - '510'
    - '621'
    - '540'
    - '550'
    - '573'
    - '575'
    - '630'
    - '580'
    - '710'
    - '766'
    - '615'
    - '707'
    - '727'
    - '730'
    - '741'
    - '740'
    - '746'
    - '706'
    - '751'
    - '657'
    - '661'
    - '756'
    - '665'
    - '760'
    - '779'
    - '671'
    - '791'
    - '810'
    - '813'
    - '860'
    - '849'
    - '825'
    - '846'
    - '773'
    - '840'
    - '787'
    - '820'
    - '851'
    "K\xD8N":
    - '1'
    - '2'
    ALDER:
    - '16'
    - '17'
    - '18'
    - '19'
    - '20'
    - '21'
    - '22'
    - '23'
    - '24'
    - '25'
    - '26'
    - '27'
    - '28'
    - '29'
    - '30'
    - '31'
    - '32'
    - '33'
    - '34'
    - '35'
    - '36'
    - '37'
    - '38'
    - '39'
    - '40'
    - '41'
    - '42'
    - '43'
    - '44'
    - '45'
    - '46'
    - '47'
    - '48'
    - '49'
    - '50'
    - '51'
    - '52'
    - '53'
    - '54'
    - '55'
    - '56'
    - '57'
    - '58'
    - '59'
    - '60'
    - '61'
    - '62'
    - '63'
    - '64'
    - '65'
    - '66'
    - '67'
    - '68'
    - '69'
    - '70'
    - '71'
    - '72'
    - '73'
    - '74'
    - '75'
    - '76'
    - '77'
    - '78'
    - '79'
    - '80'
    - '81'
    - '82'
    - '83'
    - '84'
    - '85'
    - '86'
    - '87'
    - '88'
    - '89'
    - '90'
    - '91'
    - '92'
    - '93'
    - '94'
    - '95'
    - '96'
    - '97'
    - '98'
    - '99'
    - '100'
    - '101'
    - '102'
    - '103'
    - '104'
    - '105'
    - '106'
    - '107'
    - '108'
    - '109'
    - '110'
    - '111'
    - '112'
    - '113'
    - '114'
    - '115'
    - '116'
    - '117'
    - '118'
    - '119'
    - '120'
    - '121'
    - '122'
    - '123'
    - '124'
    - '125'
    CIVILSTAND:
    - U
    - G
    - E
    - F
    Tid:
    - 2025K1
  estimated_cells: 87120
- table_id: FOLK1E
  role: origin_joint
  period: 2025K1
  metadata_url: https://api.statbank.dk/v1/tableinfo/FOLK1E?lang=en
  data_url: https://api.statbank.dk/v1/data
  retrieved_metadata_at: '2026-09-15T16:31:18.963914+00:00'
  table_updated_at: '2026-08-10T08:00:00'
  unit: Number
  dimensions:
    "OMR\xC5DE":
    - '101'
    - '147'
    - '155'
    - '185'
    - '165'
    - '151'
    - '153'
    - '157'
    - '159'
    - '161'
    - '163'
    - '167'
    - '169'
    - '183'
    - '173'
    - '175'
    - '187'
    - '201'
    - '240'
    - '210'
    - '250'
    - '190'
    - '270'
    - '260'
    - '217'
    - '219'
    - '223'
    - '230'
    - '400'
    - '411'
    - '253'
    - '259'
    - '350'
    - '265'
    - '269'
    - '320'
    - '376'
    - '316'
    - '326'
    - '360'
    - '370'
    - '306'
    - '329'
    - '330'
    - '340'
    - '336'
    - '390'
    - '420'
    - '430'
    - '440'
    - '482'
    - '410'
    - '480'
    - '450'
    - '461'
    - '479'
    - '492'
    - '530'
    - '561'
    - '563'
    - '607'
    - '510'
    - '621'
    - '540'
    - '550'
    - '573'
    - '575'
    - '630'
    - '580'
    - '710'
    - '766'
    - '615'
    - '707'
    - '727'
    - '730'
    - '741'
    - '740'
    - '746'
    - '706'
    - '751'
    - '657'
    - '661'
    - '756'
    - '665'
    - '760'
    - '779'
    - '671'
    - '791'
    - '810'
    - '813'
    - '860'
    - '849'
    - '825'
    - '846'
    - '773'
    - '840'
    - '787'
    - '820'
    - '851'
    "K\xD8N":
    - '1'
    - '2'
    ALDER:
    - '16'
    - '17'
    - '18'
    - '19'
    - '20'
    - '21'
    - '22'
    - '23'
    - '24'
    - '25'
    - '26'
    - '27'
    - '28'
    - '29'
    - '30'
    - '31'
    - '32'
    - '33'
    - '34'
    - '35'
    - '36'
    - '37'
    - '38'
    - '39'
    - '40'
    - '41'
    - '42'
    - '43'
    - '44'
    - '45'
    - '46'
    - '47'
    - '48'
    - '49'
    - '50'
    - '51'
    - '52'
    - '53'
    - '54'
    - '55'
    - '56'
    - '57'
    - '58'
    - '59'
    - '60'
    - '61'
    - '62'
    - '63'
    - '64'
    - '65'
    - '66'
    - '67'
    - '68'
    - '69'
    - '70'
    - '71'
    - '72'
    - '73'
    - '74'
    - '75'
    - '76'
    - '77'
    - '78'
    - '79'
    - '80'
    - '81'
    - '82'
    - '83'
    - '84'
    - '85'
    - '86'
    - '87'
    - '88'
    - '89'
    - '90'
    - '91'
    - '92'
    - '93'
    - '94'
    - '95'
    - '96'
    - '97'
    - '98'
    - '99'
    - '100'
    - '101'
    - '102'
    - '103'
    - '104'
    - '105'
    - '106'
    - '107'
    - '108'
    - '109'
    - '110'
    - '111'
    - '112'
    - '113'
    - '114'
    - '115'
    - '116'
    - '117'
    - '118'
    - '119'
    - '120'
    - '121'
    - '122'
    - '123'
    - '124'
    - '125'
    HERKOMST:
    - '1'
    - '24'
    - '25'
    - '34'
    - '35'
    Tid:
    - 2025K1
  estimated_cells: 108900
- table_id: FOLK1C
  role: origin_country_mix
  period: 2025K1
  metadata_url: https://api.statbank.dk/v1/tableinfo/FOLK1C?lang=en
  data_url: https://api.statbank.dk/v1/data
  retrieved_metadata_at: '2026-09-15T16:31:18.963914+00:00'
  table_updated_at: '2026-08-10T08:00:00'
  unit: Number
  dimensions:
    "OMR\xC5DE":
    - '000'
    "K\xD8N":
    - '1'
    - '2'
    ALDER:
    - IALT
    HERKOMST:
    - '4'
    - '3'
    IELAND:
    - '5100'
    - '5122'
    - '5124'
    - '5706'
    - '5126'
    - '5754'
    - '5128'
    - '5422'
    - '5184'
    - '5607'
    - '5104'
    - '5130'
    - '5134'
    - '5142'
    - '5105'
    - '5150'
    - '5152'
    - '5758'
    - '5761'
    - '5750'
    - '5609'
    - '5107'
    - '5611'
    - '5108'
    - '5153'
    - '5712'
    - '5109'
    - '5759'
    - '5140'
    - '5111'
    - '5756'
    - '5110'
    - '5154'
    - '5156'
    - '5158'
    - '5700'
    - '5159'
    - '5160'
    - '5757'
    - '5151'
    - '5778'
    - '5752'
    - '5162'
    - '5164'
    - '5170'
    - '5120'
    - '5776'
    - '5129'
    - '5172'
    - '5180'
    - '5704'
    - '5174'
    - '5176'
    - '5182'
    - '5114'
    - '5202'
    - '5204'
    - '5281'
    - '5207'
    - '5294'
    - '5213'
    - '5277'
    - '5276'
    - '5215'
    - '5278'
    - '5279'
    - '5525'
    - '5272'
    - '5282'
    - '5216'
    - '5259'
    - '5214'
    - '5283'
    - '5222'
    - '5228'
    - '5232'
    - '5231'
    - '5233'
    - '5234'
    - '5235'
    - '5236'
    - '5238'
    - '5242'
    - '5297'
    - '5243'
    - '5244'
    - '5284'
    - '5245'
    - '5240'
    - '5247'
    - '5285'
    - '5246'
    - '5286'
    - '5287'
    - '5621'
    - '5288'
    - '5298'
    - '5255'
    - '5253'
    - '5289'
    - '5256'
    - '5258'
    - '5262'
    - '5260'
    - '5264'
    - '5266'
    - '5292'
    - '5293'
    - '5268'
    - '5269'
    - '5296'
    - '5295'
    - '5230'
    - '5299'
    - '5314'
    - '5390'
    - '5397'
    - '5309'
    - '5302'
    - '5301'
    - '5303'
    - '5305'
    - '5526'
    - '5307'
    - '5304'
    - '5306'
    - '5394'
    - '5316'
    - '5318'
    - '5322'
    - '5324'
    - '5325'
    - '5345'
    - '5326'
    - '5328'
    - '5372'
    - '5530'
    - '5529'
    - '5336'
    - '5339'
    - '5528'
    - '5338'
    - '5308'
    - '5342'
    - '5348'
    - '5352'
    - '5353'
    - '5354'
    - '5310'
    - '5346'
    - '5356'
    - '5358'
    - '5364'
    - '5366'
    - '5527'
    - '5625'
    - '5347'
    - '5311'
    - '5344'
    - '5374'
    - '5376'
    - '5392'
    - '5395'
    - '5319'
    - '5535'
    - '5404'
    - '5708'
    - '5710'
    - '5406'
    - '5410'
    - '5408'
    - '5412'
    - '5416'
    - '5531'
    - '5474'
    - '5403'
    - '5223'
    - '5724'
    - '5428'
    - '5432'
    - '5498'
    - '5434'
    - '5436'
    - '5438'
    - '5442'
    - '5444'
    - '5446'
    - '5716'
    - '5448'
    - '5720'
    - '5452'
    - '5454'
    - '5456'
    - '5533'
    - '5458'
    - '5457'
    - '5487'
    - '5459'
    - '5414'
    - '5464'
    - '5466'
    - '5494'
    - '5462'
    - '5472'
    - '5157'
    - '5496'
    - '5478'
    - '5480'
    - '5482'
    - '5418'
    - '5484'
    - '5486'
    - '5722'
    - '5424'
    - '5492'
    - '5493'
    - '5718'
    - '5714'
    - '5393'
    - '5473'
    - '5468'
    - '5402'
    - '5437'
    - '5471'
    - '5502'
    - '5516'
    - '5508'
    - '5506'
    - '5274'
    - '5248'
    - '5514'
    - '5534'
    - '5623'
    - '5522'
    - '5505'
    - '5273'
    - '5275'
    - '5532'
    - '5599'
    - '5103'
    - '5999'
    Tid:
    - 2025K1
  estimated_cells: 964
- table_id: RAS209
  role: education_status_joint
  period: '2024'
  metadata_url: https://api.statbank.dk/v1/tableinfo/RAS209?lang=en
  data_url: https://api.statbank.dk/v1/data
  retrieved_metadata_at: '2026-09-15T16:31:18.963914+00:00'
  table_updated_at: '2026-05-05T08:00:00'
  unit: Number
  dimensions:
    "OMR\xC5DE":
    - 084
    - 085
    - 083
    - 082
    - 081
    UDDANNELSE:
    - H10
    - H20
    - H30
    - H35
    - H40
    - H50
    - H60
    - H70
    - H80
    - H90
    SOCIO:
    - '05'
    - '10'
    - '15'
    - '20'
    - '25'
    - '30'
    - '35'
    - '40'
    - '50'
    - '80'
    - '85'
    - '90'
    - '95'
    - '100'
    - '105'
    - '110'
    - '115'
    - '120'
    - '125'
    - '128'
    - '130'
    - '135'
    - '138'
    - '139'
    - '140'
    - '145'
    - '150'
    - '155'
    - '154'
    - '156'
    - '158'
    - '160'
    - '170'
    - '175'
    ALDER:
    - 16-19
    - 20-24
    - 25-29
    - 30-34
    - 35-39
    - 40-44
    - 45-49
    - 50-54
    - 55-59
    - 60-64
    - 65-66
    - 67-
    "K\xD8N":
    - M
    - K
    Tid:
    - '2024'
  estimated_cells: 40800
- table_id: RAS202
  role: detailed_status_refinement
  period: '2024'
  metadata_url: https://api.statbank.dk/v1/tableinfo/RAS202?lang=en
  data_url: https://api.statbank.dk/v1/data
  retrieved_metadata_at: '2026-09-15T16:31:18.963914+00:00'
  table_updated_at: '2026-05-05T08:00:00'
  unit: Number
  dimensions:
    SOCIO:
    - '05'
    - '10'
    - '15'
    - '20'
    - '25'
    - '30'
    - '35'
    - '40'
    - '50'
    - '80'
    - '85'
    - '90'
    - '95'
    - '100'
    - '105'
    - '110'
    - '115'
    - '120'
    - '125'
    - '128'
    - '130'
    - '135'
    - '138'
    - '139'
    - '140'
    - '145'
    - '150'
    - '155'
    - '154'
    - '156'
    - '158'
    - '160'
    - '170'
    - '175'
    ALDER:
    - '18'
    - '19'
    - '20'
    - '21'
    - '22'
    - '23'
    - '24'
    - '25'
    - '26'
    - '27'
    - '28'
    - '29'
    - '30'
    - '31'
    - '32'
    - '33'
    - '34'
    - '35'
    - '36'
    - '37'
    - '38'
    - '39'
    - '40'
    - '41'
    - '42'
    - '43'
    - '44'
    - '45'
    - '46'
    - '47'
    - '48'
    - '49'
    - '50'
    - '51'
    - '52'
    - '53'
    - '54'
    - '55'
    - '56'
    - '57'
    - '58'
    - '59'
    - '60'
    - '61'
    - '62'
    - '63'
    - '64'
    - '65'
    - '66'
    - '67'
    - '68'
    - '69'
    - '70'
    - 71-
    KOEN:
    - M
    - K
    Tid:
    - '2024'
  estimated_cells: 3672
- table_id: BEFOLK3
  role: population_holdout
  period: '2025'
  metadata_url: https://api.statbank.dk/v1/tableinfo/BEFOLK3?lang=en
  data_url: https://api.statbank.dk/v1/data
  retrieved_metadata_at: '2026-09-15T16:31:18.963914+00:00'
  table_updated_at: '2026-07-01T08:00:00'
  unit: Number
  dimensions:
    "OMR\xC5DE":
    - '101'
    - '147'
    - '155'
    - '185'
    - '165'
    - '151'
    - '153'
    - '157'
    - '159'
    - '161'
    - '163'
    - '167'
    - '169'
    - '183'
    - '173'
    - '175'
    - '187'
    - '201'
    - '240'
    - '210'
    - '250'
    - '190'
    - '270'
    - '260'
    - '217'
    - '219'
    - '223'
    - '230'
    - '400'
    - '411'
    - '253'
    - '259'
    - '350'
    - '265'
    - '269'
    - '320'
    - '376'
    - '316'
    - '326'
    - '360'
    - '370'
    - '306'
    - '329'
    - '330'
    - '340'
    - '336'
    - '390'
    - '420'
    - '430'
    - '440'
    - '482'
    - '410'
    - '480'
    - '450'
    - '461'
    - '479'
    - '492'
    - '530'
    - '561'
    - '563'
    - '607'
    - '510'
    - '621'
    - '540'
    - '550'
    - '573'
    - '575'
    - '630'
    - '580'
    - '710'
    - '766'
    - '615'
    - '707'
    - '727'
    - '730'
    - '741'
    - '740'
    - '746'
    - '706'
    - '751'
    - '657'
    - '661'
    - '756'
    - '665'
    - '760'
    - '779'
    - '671'
    - '791'
    - '810'
    - '813'
    - '860'
    - '849'
    - '825'
    - '846'
    - '773'
    - '840'
    - '787'
    - '820'
    - '851'
    "K\xD8N":
    - '1'
    - '2'
    ALDER:
    - '18'
    - '19'
    - '20'
    - '21'
    - '22'
    - '23'
    - '24'
    - '25'
    - '26'
    - '27'
    - '28'
    - '29'
    - '30'
    - '31'
    - '32'
    - '33'
    - '34'
    - '35'
    - '36'
    - '37'
    - '38'
    - '39'
    - '40'
    - '41'
    - '42'
    - '43'
    - '44'
    - '45'
    - '46'
    - '47'
    - '48'
    - '49'
    - '50'
    - '51'
    - '52'
    - '53'
    - '54'
    - '55'
    - '56'
    - '57'
    - '58'
    - '59'
    - '60'
    - '61'
    - '62'
    - '63'
    - '64'
    - '65'
    - '66'
    - '67'
    - '68'
    - '69'
    - '70'
    - '71'
    - '72'
    - '73'
    - '74'
    - '75'
    - '76'
    - '77'
    - '78'
    - '79'
    - '80'
    - '81'
    - '82'
    - '83'
    - '84'
    - '85'
    - '86'
    - '87'
    - '88'
    - '89'
    - '90'
    - '91'
    - '92'
    - '93'
    - '94'
    - '95'
    - '96'
    - '97'
    - '98'
    - '99'
    - '100'
    - '101'
    - '102'
    - '103'
    - '104'
    - '105'
    - '106'
    - '107'
    - '108'
    - '109'
    - '110'
    - '111'
    - '112'
    - '113'
    - '114'
    - '115'
    - '116'
    - '117'
    - '118'
    - '119'
    - '120'
    - '121'
    - '122'
    - '123'
    - '124'
    - '125'
    Tid:
    - '2025'
  estimated_cells: 21384
- table_id: RAS210
  role: municipality_status_holdout
  period: '2024'
  metadata_url: https://api.statbank.dk/v1/tableinfo/RAS210?lang=en
  data_url: https://api.statbank.dk/v1/data
  retrieved_metadata_at: '2026-09-15T16:31:18.963914+00:00'
  table_updated_at: '2025-11-18T08:00:00'
  unit: Number
  dimensions:
    BOPKOM:
    - '101'
    - '147'
    - '155'
    - '185'
    - '165'
    - '151'
    - '153'
    - '157'
    - '159'
    - '161'
    - '163'
    - '167'
    - '169'
    - '183'
    - '173'
    - '175'
    - '187'
    - '201'
    - '240'
    - '210'
    - '250'
    - '190'
    - '270'
    - '260'
    - '217'
    - '219'
    - '223'
    - '230'
    - '400'
    - '411'
    - '253'
    - '259'
    - '350'
    - '265'
    - '269'
    - '320'
    - '376'
    - '316'
    - '326'
    - '360'
    - '370'
    - '306'
    - '329'
    - '330'
    - '340'
    - '336'
    - '390'
    - '420'
    - '430'
    - '440'
    - '482'
    - '410'
    - '480'
    - '450'
    - '461'
    - '479'
    - '492'
    - '530'
    - '561'
    - '563'
    - '607'
    - '510'
    - '621'
    - '540'
    - '550'
    - '573'
    - '575'
    - '630'
    - '580'
    - '710'
    - '766'
    - '615'
    - '707'
    - '727'
    - '730'
    - '741'
    - '740'
    - '746'
    - '706'
    - '751'
    - '657'
    - '661'
    - '756'
    - '665'
    - '760'
    - '779'
    - '671'
    - '791'
    - '810'
    - '813'
    - '860'
    - '849'
    - '825'
    - '846'
    - '773'
    - '840'
    - '787'
    - '820'
    - '851'
    SOCIO:
    - '00'
    - '50'
    - '55'
    ALERAMS:
    - '18'
    - '19'
    - '20'
    - '21'
    - '22'
    - '23'
    - '24'
    - '25'
    - '26'
    - '27'
    - '28'
    - '29'
    - '30'
    - '31'
    - '32'
    - '33'
    - '34'
    - '35'
    - '36'
    - '37'
    - '38'
    - '39'
    - '40'
    - '41'
    - '42'
    - '43'
    - '44'
    - '45'
    - '46'
    - '47'
    - '48'
    - '49'
    - '50'
    - '51'
    - '52'
    - '53'
    - '54'
    - '55'
    - '56'
    - '57'
    - '58'
    - '59'
    - '60'
    - '61'
    - '62'
    - '63'
    - '64'
    - '65'
    - '66'
    - '67'
    - '68'
    - '69'
    - '70'
    - 71-
    KON:
    - M
    - K
    Tid:
    - '2024'
  estimated_cells: 32076
