version: 2
language: en
release_rows: 100000
minimum_source_count: 50
minimum_expected_release_count: 5
resolved_at: '2026-09-17T08:11:27.940715+00:00'
sources:
- table_id: FOLK1A
  role: demographic_base
  period: 2025K1
  metadata_url: https://api.statbank.dk/v1/tableinfo/FOLK1A?lang=en
  data_url: https://api.statbank.dk/v1/data
  retrieved_metadata_at: '2026-09-17T08:11:27.940715+00:00'
  table_updated_at: '2026-08-10T08:00:00'
  unit: Number
  dimensions:
    "OMR\xC5DE":
    - '101'
    - '147'
    - '155'
    - '185'
    - '165'
    - '151'
    - '153'
    - '157'
    - '159'
    - '161'
    - '163'
    - '167'
    - '169'
    - '183'
    - '173'
    - '175'
    - '187'
    - '201'
    - '240'
    - '210'
    - '250'
    - '190'
    - '270'
    - '260'
    - '217'
    - '219'
    - '223'
    - '230'
    - '400'
    - '411'
    - '253'
    - '259'
    - '350'
    - '265'
    - '269'
    - '320'
    - '376'
    - '316'
    - '326'
    - '360'
    - '370'
    - '306'
    - '329'
    - '330'
    - '340'
    - '336'
    - '390'
    - '420'
    - '430'
    - '440'
    - '482'
    - '410'
    - '480'
    - '450'
    - '461'
    - '479'
    - '492'
    - '530'
    - '561'
    - '563'
    - '607'
    - '510'
    - '621'
    - '540'
    - '550'
    - '573'
    - '575'
    - '630'
    - '580'
    - '710'
    - '766'
    - '615'
    - '707'
    - '727'
    - '730'
    - '741'
    - '740'
    - '746'
    - '706'
    - '751'
    - '657'
    - '661'
    - '756'
    - '665'
    - '760'
    - '779'
    - '671'
    - '791'
    - '810'
    - '813'
    - '860'
    - '849'
    - '825'
    - '846'
    - '773'
    - '840'
    - '787'
    - '820'
    - '851'
    "K\xD8N":
    - '1'
    - '2'
    ALDER:
    - '16'
    - '17'
    - '18'
    - '19'
    - '20'
    - '21'
    - '22'
    - '23'
    - '24'
    - '25'
    - '26'
    - '27'
    - '28'
    - '29'
    - '30'
    - '31'
    - '32'
    - '33'
    - '34'
    - '35'
    - '36'
    - '37'
    - '38'
    - '39'
    - '40'
    - '41'
    - '42'
    - '43'
    - '44'
    - '45'
    - '46'
    - '47'
    - '48'
    - '49'
    - '50'
    - '51'
    - '52'
    - '53'
    - '54'
    - '55'
    - '56'
    - '57'
    - '58'
    - '59'
    - '60'
    - '61'
    - '62'
    - '63'
    - '64'
    - '65'
    - '66'
    - '67'
    - '68'
    - '69'
    - '70'
    - '71'
    - '72'
    - '73'
    - '74'
    - '75'
    - '76'
    - '77'
    - '78'
    - '79'
    - '80'
    - '81'
    - '82'
    - '83'
    - '84'
    - '85'
    - '86'
    - '87'
    - '88'
    - '89'
    - '90'
    - '91'
    - '92'
    - '93'
    - '94'
    - '95'
    - '96'
    - '97'
    - '98'
    - '99'
    - '100'
    - '101'
    - '102'
    - '103'
    - '104'
    - '105'
    - '106'
    - '107'
    - '108'
    - '109'
    - '110'
    - '111'
    - '112'
    - '113'
    - '114'
    - '115'
    - '116'
    - '117'
    - '118'
    - '119'
    - '120'
    - '121'
    - '122'
    - '123'
    - '124'
    - '125'
    CIVILSTAND:
    - U
    - G
    - E
    - F
    Tid:
    - 2025K1
  estimated_cells: 87120
- table_id: RAS209
  role: education_status_joint
  period: '2024'
  metadata_url: https://api.statbank.dk/v1/tableinfo/RAS209?lang=en
  data_url: https://api.statbank.dk/v1/data
  retrieved_metadata_at: '2026-09-17T08:11:27.940715+00:00'
  table_updated_at: '2026-05-05T08:00:00'
  unit: Number
  dimensions:
    "OMR\xC5DE":
    - 084
    - 085
    - 083
    - 082
    - 081
    UDDANNELSE:
    - H10
    - H20
    - H30
    - H35
    - H40
    - H50
    - H60
    - H70
    - H80
    - H90
    SOCIO:
    - '05'
    - '10'
    - '15'
    - '20'
    - '25'
    - '30'
    - '35'
    - '40'
    - '50'
    - '80'
    - '85'
    - '90'
    - '95'
    - '100'
    - '105'
    - '110'
    - '115'
    - '120'
    - '125'
    - '128'
    - '130'
    - '135'
    - '138'
    - '139'
    - '140'
    - '145'
    - '150'
    - '155'
    - '154'
    - '156'
    - '158'
    - '160'
    - '170'
    - '175'
    ALDER:
    - 16-19
    - 20-24
    - 25-29
    - 30-34
    - 35-39
    - 40-44
    - 45-49
    - 50-54
    - 55-59
    - 60-64
    - 65-66
    - 67-
    "K\xD8N":
    - M
    - K
    Tid:
    - '2024'
  estimated_cells: 40800
- table_id: RAS202
  role: detailed_status_refinement
  period: '2024'
  metadata_url: https://api.statbank.dk/v1/tableinfo/RAS202?lang=en
  data_url: https://api.statbank.dk/v1/data
  retrieved_metadata_at: '2026-09-17T08:11:27.940715+00:00'
  table_updated_at: '2026-05-05T08:00:00'
  unit: Number
  dimensions:
    SOCIO:
    - '05'
    - '10'
    - '15'
    - '20'
    - '25'
    - '30'
    - '35'
    - '40'
    - '50'
    - '80'
    - '85'
    - '90'
    - '95'
    - '100'
    - '105'
    - '110'
    - '115'
    - '120'
    - '125'
    - '128'
    - '130'
    - '135'
    - '138'
    - '139'
    - '140'
    - '145'
    - '150'
    - '155'
    - '154'
    - '156'
    - '158'
    - '160'
    - '170'
    - '175'
    ALDER:
    - '18'
    - '19'
    - '20'
    - '21'
    - '22'
    - '23'
    - '24'
    - '25'
    - '26'
    - '27'
    - '28'
    - '29'
    - '30'
    - '31'
    - '32'
    - '33'
    - '34'
    - '35'
    - '36'
    - '37'
    - '38'
    - '39'
    - '40'
    - '41'
    - '42'
    - '43'
    - '44'
    - '45'
    - '46'
    - '47'
    - '48'
    - '49'
    - '50'
    - '51'
    - '52'
    - '53'
    - '54'
    - '55'
    - '56'
    - '57'
    - '58'
    - '59'
    - '60'
    - '61'
    - '62'
    - '63'
    - '64'
    - '65'
    - '66'
    - '67'
    - '68'
    - '69'
    - '70'
    - 71-
    KOEN:
    - M
    - K
    Tid:
    - '2024'
  estimated_cells: 3672
- table_id: BEFOLK3
  role: population_holdout
  period: '2025'
  metadata_url: https://api.statbank.dk/v1/tableinfo/BEFOLK3?lang=en
  data_url: https://api.statbank.dk/v1/data
  retrieved_metadata_at: '2026-09-17T08:11:27.940715+00:00'
  table_updated_at: '2026-07-01T08:00:00'
  unit: Number
  dimensions:
    "OMR\xC5DE":
    - '101'
    - '147'
    - '155'
    - '185'
    - '165'
    - '151'
    - '153'
    - '157'
    - '159'
    - '161'
    - '163'
    - '167'
    - '169'
    - '183'
    - '173'
    - '175'
    - '187'
    - '201'
    - '240'
    - '210'
    - '250'
    - '190'
    - '270'
    - '260'
    - '217'
    - '219'
    - '223'
    - '230'
    - '400'
    - '411'
    - '253'
    - '259'
    - '350'
    - '265'
    - '269'
    - '320'
    - '376'
    - '316'
    - '326'
    - '360'
    - '370'
    - '306'
    - '329'
    - '330'
    - '340'
    - '336'
    - '390'
    - '420'
    - '430'
    - '440'
    - '482'
    - '410'
    - '480'
    - '450'
    - '461'
    - '479'
    - '492'
    - '530'
    - '561'
    - '563'
    - '607'
    - '510'
    - '621'
    - '540'
    - '550'
    - '573'
    - '575'
    - '630'
    - '580'
    - '710'
    - '766'
    - '615'
    - '707'
    - '727'
    - '730'
    - '741'
    - '740'
    - '746'
    - '706'
    - '751'
    - '657'
    - '661'
    - '756'
    - '665'
    - '760'
    - '779'
    - '671'
    - '791'
    - '810'
    - '813'
    - '860'
    - '849'
    - '825'
    - '846'
    - '773'
    - '840'
    - '787'
    - '820'
    - '851'
    "K\xD8N":
    - '1'
    - '2'
    ALDER:
    - '18'
    - '19'
    - '20'
    - '21'
    - '22'
    - '23'
    - '24'
    - '25'
    - '26'
    - '27'
    - '28'
    - '29'
    - '30'
    - '31'
    - '32'
    - '33'
    - '34'
    - '35'
    - '36'
    - '37'
    - '38'
    - '39'
    - '40'
    - '41'
    - '42'
    - '43'
    - '44'
    - '45'
    - '46'
    - '47'
    - '48'
    - '49'
    - '50'
    - '51'
    - '52'
    - '53'
    - '54'
    - '55'
    - '56'
    - '57'
    - '58'
    - '59'
    - '60'
    - '61'
    - '62'
    - '63'
    - '64'
    - '65'
    - '66'
    - '67'
    - '68'
    - '69'
    - '70'
    - '71'
    - '72'
    - '73'
    - '74'
    - '75'
    - '76'
    - '77'
    - '78'
    - '79'
    - '80'
    - '81'
    - '82'
    - '83'
    - '84'
    - '85'
    - '86'
    - '87'
    - '88'
    - '89'
    - '90'
    - '91'
    - '92'
    - '93'
    - '94'
    - '95'
    - '96'
    - '97'
    - '98'
    - '99'
    - '100'
    - '101'
    - '102'
    - '103'
    - '104'
    - '105'
    - '106'
    - '107'
    - '108'
    - '109'
    - '110'
    - '111'
    - '112'
    - '113'
    - '114'
    - '115'
    - '116'
    - '117'
    - '118'
    - '119'
    - '120'
    - '121'
    - '122'
    - '123'
    - '124'
    - '125'
    Tid:
    - '2025'
  estimated_cells: 21384
- table_id: RAS210
  role: municipality_status_holdout
  period: '2024'
  metadata_url: https://api.statbank.dk/v1/tableinfo/RAS210?lang=en
  data_url: https://api.statbank.dk/v1/data
  retrieved_metadata_at: '2026-09-17T08:11:27.940715+00:00'
  table_updated_at: '2025-11-18T08:00:00'
  unit: Number
  dimensions:
    BOPKOM:
    - '101'
    - '147'
    - '155'
    - '185'
    - '165'
    - '151'
    - '153'
    - '157'
    - '159'
    - '161'
    - '163'
    - '167'
    - '169'
    - '183'
    - '173'
    - '175'
    - '187'
    - '201'
    - '240'
    - '210'
    - '250'
    - '190'
    - '270'
    - '260'
    - '217'
    - '219'
    - '223'
    - '230'
    - '400'
    - '411'
    - '253'
    - '259'
    - '350'
    - '265'
    - '269'
    - '320'
    - '376'
    - '316'
    - '326'
    - '360'
    - '370'
    - '306'
    - '329'
    - '330'
    - '340'
    - '336'
    - '390'
    - '420'
    - '430'
    - '440'
    - '482'
    - '410'
    - '480'
    - '450'
    - '461'
    - '479'
    - '492'
    - '530'
    - '561'
    - '563'
    - '607'
    - '510'
    - '621'
    - '540'
    - '550'
    - '573'
    - '575'
    - '630'
    - '580'
    - '710'
    - '766'
    - '615'
    - '707'
    - '727'
    - '730'
    - '741'
    - '740'
    - '746'
    - '706'
    - '751'
    - '657'
    - '661'
    - '756'
    - '665'
    - '760'
    - '779'
    - '671'
    - '791'
    - '810'
    - '813'
    - '860'
    - '849'
    - '825'
    - '846'
    - '773'
    - '840'
    - '787'
    - '820'
    - '851'
    SOCIO:
    - '00'
    - '50'
    - '55'
    ALERAMS:
    - '18'
    - '19'
    - '20'
    - '21'
    - '22'
    - '23'
    - '24'
    - '25'
    - '26'
    - '27'
    - '28'
    - '29'
    - '30'
    - '31'
    - '32'
    - '33'
    - '34'
    - '35'
    - '36'
    - '37'
    - '38'
    - '39'
    - '40'
    - '41'
    - '42'
    - '43'
    - '44'
    - '45'
    - '46'
    - '47'
    - '48'
    - '49'
    - '50'
    - '51'
    - '52'
    - '53'
    - '54'
    - '55'
    - '56'
    - '57'
    - '58'
    - '59'
    - '60'
    - '61'
    - '62'
    - '63'
    - '64'
    - '65'
    - '66'
    - '67'
    - '68'
    - '69'
    - '70'
    - 71-
    KON:
    - M
    - K
    Tid:
    - '2024'
  estimated_cells: 32076
classifications:
- classification_id: NUTS_V1_2007_DK
  role: geography_hierarchy
  title: Regioner, landsdele og kommuner
  valid_from: '2007-01-01'
  page_url: https://www.dst.dk/da/Statistik/dokumentation/nomenklaturer/nuts
  attachment_url: https://www.dst.dk/klassifikationsbilag/5d18d1e0-400b-4505-92ad-6782915980a3csv_da
